
Microsoft Visual Studio Solution File, Format Version 12.00
# Visual Studio Version 16
VisualStudioVersion = 16.0.31624.102
MinimumVisualStudioVersion = 10.0.40219.1
Project("{FAE04EC0-301F-11D3-BF4B-00C04F79EFBC}") = "L1.task-1", "L1.task-1\L1.task-1.csproj", "{6CC9C623-4A78-4EF8-BBAF-B04C831F98DC}"
EndProject
Global
	GlobalSection(SolutionConfigurationPlatforms) = preSolution
		Debug|Any CPU = Debug|Any CPU
		Release|Any CPU = Release|Any CPU
	EndGlobalSection
	GlobalSection(ProjectConfigurationPlatforms) = postSolution
		{6CC9C623-4A78-4EF8-BBAF-B04C831F98DC}.Debug|Any CPU.ActiveCfg = Debug|Any CPU
		{6CC9C623-4A78-4EF8-BBAF-B04C831F98DC}.Debug|Any CPU.Build.0 = Debug|Any CPU
		{6CC9C623-4A78-4EF8-BBAF-B04C831F98DC}.Release|Any CPU.ActiveCfg = Release|Any CPU
		{6CC9C623-4A78-4EF8-BBAF-B04C831F98DC}.Release|Any CPU.Build.0 = Release|Any CPU
	EndGlobalSection
	GlobalSection(SolutionProperties) = preSolution
		HideSolutionNode = FALSE
	EndGlobalSection
	GlobalSection(ExtensibilityGlobals) = postSolution
		SolutionGuid = {E1532C83-25F1-4E77-8107-2887639D067F}
	EndGlobalSection
EndGlobal
